
Microsoft Visual Studio Solution File, Format Version 12.00
# Visual Studio Version 16
VisualStudioVersion = 16.0.29709.97
MinimumVisualStudioVersion = 10.0.40219.1
Project("{FAE04EC0-301F-11D3-BF4B-00C04F79EFBC}") = "COVID.Android", "COVID.Android\COVID.Android.csproj", "{044FB144-D032-4883-ACDD-F2BF01EC4444}"
EndProject
Project("{FAE04EC0-301F-11D3-BF4B-00C04F79EFBC}") = "COVID.iOS", "COVID.iOS\COVID.iOS.csproj", "{349F3780-C396-4B2A-8BB7-C70BC775589B}"
EndProject
Project("{9A19103F-16F7-4668-BE54-9A1E7A4F7556}") = "COVID", "COVID\COVID.csproj", "{3239652C-A7AE-44F0-A5BC-250388DFB657}"
EndProject
Project("{FAE04EC0-301F-11D3-BF4B-00C04F79EFBC}") = "COVID.Api", "COVID.Api\COVID.Api.csproj", "{56596DFE-C2FC-4604-9109-598D726611CA}"
EndProject
Global
	GlobalSection(SolutionConfigurationPlatforms) = preSolution
		Debug|Any CPU = Debug|Any CPU
		Debug|iPhone = Debug|iPhone
		Debug|iPhoneSimulator = Debug|iPhoneSimulator
		Release|Any CPU = Release|Any CPU
		Release|iPhone = Release|iPhone
		Release|iPhoneSimulator = Release|iPhoneSimulator
	EndGlobalSection
	GlobalSection(ProjectConfigurationPlatforms) = postSolution
		{044FB144-D032-4883-ACDD-F2BF01EC4444}.Debug|Any CPU.ActiveCfg = Debug|Any CPU
		{044FB144-D032-4883-ACDD-F2BF01EC4444}.Debug|Any CPU.Build.0 = Debug|Any CPU
		{044FB144-D032-4883-ACDD-F2BF01EC4444}.Debug|Any CPU.Deploy.0 = Debug|Any CPU
		{044FB144-D032-4883-ACDD-F2BF01EC4444}.Debug|iPhone.ActiveCfg = Debug|Any CPU
		{044FB144-D032-4883-ACDD-F2BF01EC4444}.Debug|iPhone.Build.0 = Debug|Any CPU
		{044FB144-D032-4883-ACDD-F2BF01EC4444}.Debug|iPhone.Deploy.0 = Debug|Any CPU
		{044FB144-D032-4883-ACDD-F2BF01EC4444}.Debug|iPhoneSimulator.ActiveCfg = Debug|Any CPU
		{044FB144-D032-4883-ACDD-F2BF01EC4444}.Debug|iPhoneSimulator.Build.0 = Debug|Any CPU
		{044FB144-D032-4883-ACDD-F2BF01EC4444}.Debug|iPhoneSimulator.Deploy.0 = Debug|Any CPU
		{044FB144-D032-4883-ACDD-F2BF01EC4444}.Release|Any CPU.ActiveCfg = Release|Any CPU
		{044FB144-D032-4883-ACDD-F2BF01EC4444}.Release|Any CPU.Build.0 = Release|Any CPU
		{044FB144-D032-4883-ACDD-F2BF01EC4444}.Release|Any CPU.Deploy.0 = Release|Any CPU
		{044FB144-D032-4883-ACDD-F2BF01EC4444}.Release|iPhone.ActiveCfg = Release|Any CPU
		{044FB144-D032-4883-ACDD-F2BF01EC4444}.Release|iPhone.Build.0 = Release|Any CPU
		{044FB144-D032-4883-ACDD-F2BF01EC4444}.Release|iPhone.Deploy.0 = Release|Any CPU
		{044FB144-D032-4883-ACDD-F2BF01EC4444}.Release|iPhoneSimulator.ActiveCfg = Release|Any CPU
		{044FB144-D032-4883-ACDD-F2BF01EC4444}.Release|iPhoneSimulator.Build.0 = Release|Any CPU
		{044FB144-D032-4883-ACDD-F2BF01EC4444}.Release|iPhoneSimulator.Deploy.0 = Release|Any CPU
		{349F3780-C396-4B2A-8BB7-C70BC775589B}.Debug|Any CPU.ActiveCfg = Debug|iPhoneSimulator
		{349F3780-C396-4B2A-8BB7-C70BC775589B}.Debug|Any CPU.Build.0 = Debug|iPhoneSimulator
		{349F3780-C396-4B2A-8BB7-C70BC775589B}.Debug|Any CPU.Deploy.0 = Debug|iPhoneSimulator
		{349F3780-C396-4B2A-8BB7-C70BC775589B}.Debug|iPhone.ActiveCfg = Debug|iPhone
		{349F3780-C396-4B2A-8BB7-C70BC775589B}.Debug|iPhone.Build.0 = Debug|iPhone
		{349F3780-C396-4B2A-8BB7-C70BC775589B}.Debug|iPhone.Deploy.0 = Debug|iPhone
		{349F3780-C396-4B2A-8BB7-C70BC775589B}.Debug|iPhoneSimulator.ActiveCfg = Debug|iPhoneSimulator
		{349F3780-C396-4B2A-8BB7-C70BC775589B}.Debug|iPhoneSimulator.Build.0 = Debug|iPhoneSimulator
		{349F3780-C396-4B2A-8BB7-C70BC775589B}.Debug|iPhoneSimulator.Deploy.0 = Debug|iPhoneSimulator
		{349F3780-C396-4B2A-8BB7-C70BC775589B}.Release|Any CPU.ActiveCfg = Release|iPhone
		{349F3780-C396-4B2A-8BB7-C70BC775589B}.Release|Any CPU.Build.0 = Release|iPhone
		{349F3780-C396-4B2A-8BB7-C70BC775589B}.Release|Any CPU.Deploy.0 = Release|iPhone
		{349F3780-C396-4B2A-8BB7-C70BC775589B}.Release|iPhone.ActiveCfg = Release|iPhone
		{349F3780-C396-4B2A-8BB7-C70BC775589B}.Release|iPhone.Build.0 = Release|iPhone
		{349F3780-C396-4B2A-8BB7-C70BC775589B}.Release|iPhone.Deploy.0 = Release|iPhone
		{349F3780-C396-4B2A-8BB7-C70BC775589B}.Release|iPhoneSimulator.ActiveCfg = Release|iPhoneSimulator
		{349F3780-C396-4B2A-8BB7-C70BC775589B}.Release|iPhoneSimulator.Build.0 = Release|iPhoneSimulator
		{349F3780-C396-4B2A-8BB7-C70BC775589B}.Release|iPhoneSimulator.Deploy.0 = Release|iPhoneSimulator
		{3239652C-A7AE-44F0-A5BC-250388DFB657}.Debug|Any CPU.ActiveCfg = Debug|Any CPU
		{3239652C-A7AE-44F0-A5BC-250388DFB657}.Debug|Any CPU.Build.0 = Debug|Any CPU
		{3239652C-A7AE-44F0-A5BC-250388DFB657}.Debug|Any CPU.Deploy.0 = Debug|Any CPU
		{3239652C-A7AE-44F0-A5BC-250388DFB657}.Debug|iPhone.ActiveCfg = Debug|Any CPU
		{3239652C-A7AE-44F0-A5BC-250388DFB657}.Debug|iPhone.Build.0 = Debug|Any CPU
		{3239652C-A7AE-44F0-A5BC-250388DFB657}.Debug|iPhone.Deploy.0 = Debug|Any CPU
		{3239652C-A7AE-44F0-A5BC-250388DFB657}.Debug|iPhoneSimulator.ActiveCfg = Debug|Any CPU
		{3239652C-A7AE-44F0-A5BC-250388DFB657}.Debug|iPhoneSimulator.Build.0 = Debug|Any CPU
		{3239652C-A7AE-44F0-A5BC-250388DFB657}.Debug|iPhoneSimulator.Deploy.0 = Debug|Any CPU
		{3239652C-A7AE-44F0-A5BC-250388DFB657}.Release|Any CPU.ActiveCfg = Release|Any CPU
		{3239652C-A7AE-44F0-A5BC-250388DFB657}.Release|Any CPU.Build.0 = Release|Any CPU
		{3239652C-A7AE-44F0-A5BC-250388DFB657}.Release|Any CPU.Deploy.0 = Release|Any CPU
		{3239652C-A7AE-44F0-A5BC-250388DFB657}.Release|iPhone.ActiveCfg = Release|Any CPU
		{3239652C-A7AE-44F0-A5BC-250388DFB657}.Release|iPhone.Build.0 = Release|Any CPU
		{3239652C-A7AE-44F0-A5BC-250388DFB657}.Release|iPhone.Deploy.0 = Release|Any CPU
		{3239652C-A7AE-44F0-A5BC-250388DFB657}.Release|iPhoneSimulator.ActiveCfg = Release|Any CPU
		{3239652C-A7AE-44F0-A5BC-250388DFB657}.Release|iPhoneSimulator.Build.0 = Release|Any CPU
		{3239652C-A7AE-44F0-A5BC-250388DFB657}.Release|iPhoneSimulator.Deploy.0 = Release|Any CPU
		{56596DFE-C2FC-4604-9109-598D726611CA}.Debug|Any CPU.ActiveCfg = Debug|Any CPU
		{56596DFE-C2FC-4604-9109-598D726611CA}.Debug|Any CPU.Build.0 = Debug|Any CPU
		{56596DFE-C2FC-4604-9109-598D726611CA}.Debug|iPhone.ActiveCfg = Debug|Any CPU
		{56596DFE-C2FC-4604-9109-598D726611CA}.Debug|iPhone.Build.0 = Debug|Any CPU
		{56596DFE-C2FC-4604-9109-598D726611CA}.Debug|iPhoneSimulator.ActiveCfg = Debug|Any CPU
		{56596DFE-C2FC-4604-9109-598D726611CA}.Debug|iPhoneSimulator.Build.0 = Debug|Any CPU
		{56596DFE-C2FC-4604-9109-598D726611CA}.Release|Any CPU.ActiveCfg = Release|Any CPU
		{56596DFE-C2FC-4604-9109-598D726611CA}.Release|Any CPU.Build.0 = Release|Any CPU
		{56596DFE-C2FC-4604-9109-598D726611CA}.Release|iPhone.ActiveCfg = Release|Any CPU
		{56596DFE-C2FC-4604-9109-598D726611CA}.Release|iPhone.Build.0 = Release|Any CPU
		{56596DFE-C2FC-4604-9109-598D726611CA}.Release|iPhoneSimulator.ActiveCfg = Release|Any CPU
		{56596DFE-C2FC-4604-9109-598D726611CA}.Release|iPhoneSimulator.Build.0 = Release|Any CPU
	EndGlobalSection
	GlobalSection(SolutionProperties) = preSolution
		HideSolutionNode = FALSE
	EndGlobalSection
	GlobalSection(ExtensibilityGlobals) = postSolution
		SolutionGuid = {10C0D47B-8255-4A5B-B781-EE69B38690B6}
	EndGlobalSection
EndGlobal
